
Microsoft Visual Studio Solution File, Format Version 12.00
# Visual Studio 2012
Project("{2150E333-8FDC-42A3-9474-1A3956D46DE8}") = ".nuget", ".nuget", "{4C8E4BD3-B805-4208-A4C6-2724B46F856A}"
	ProjectSection(SolutionItems) = preProject
		.nuget\NuGet.exe = .nuget\NuGet.exe
		.nuget\NuGet.targets = .nuget\NuGet.targets
	EndProjectSection
EndProject
Project("{FAE04EC0-301F-11D3-BF4B-00C04F79EFBC}") = "Apphbify", "Apphbify\Apphbify.csproj", "{66144DCD-351D-4D00-B421-BA5508A52B99}"
EndProject
Project("{FAE04EC0-301F-11D3-BF4B-00C04F79EFBC}") = "Apphbify.Tests", "Apphbify.Tests\Apphbify.Tests.csproj", "{59FE23A6-609E-420C-9968-05FA5E37D870}"
EndProject
Global
	GlobalSection(SolutionConfigurationPlatforms) = preSolution
		Debug|Any CPU = Debug|Any CPU
		Release|Any CPU = Release|Any CPU
	EndGlobalSection
	GlobalSection(ProjectConfigurationPlatforms) = postSolution
		{66144DCD-351D-4D00-B421-BA5508A52B99}.Debug|Any CPU.ActiveCfg = Debug|Any CPU
		{66144DCD-351D-4D00-B421-BA5508A52B99}.Debug|Any CPU.Build.0 = Debug|Any CPU
		{66144DCD-351D-4D00-B421-BA5508A52B99}.Release|Any CPU.ActiveCfg = Release|Any CPU
		{66144DCD-351D-4D00-B421-BA5508A52B99}.Release|Any CPU.Build.0 = Release|Any CPU
		{59FE23A6-609E-420C-9968-05FA5E37D870}.Debug|Any CPU.ActiveCfg = Debug|Any CPU
		{59FE23A6-609E-420C-9968-05FA5E37D870}.Debug|Any CPU.Build.0 = Debug|Any CPU
		{59FE23A6-609E-420C-9968-05FA5E37D870}.Release|Any CPU.ActiveCfg = Release|Any CPU
		{59FE23A6-609E-420C-9968-05FA5E37D870}.Release|Any CPU.Build.0 = Release|Any CPU
	EndGlobalSection
	GlobalSection(SolutionProperties) = preSolution
		HideSolutionNode = FALSE
	EndGlobalSection
EndGlobal
